{
  "name": "tail-bridge",
  "version": "0.1.0",
  "dependencies": {
    "coffee-script": {
      "version": "1.6.3",
      "from": "coffee-script@"
    },
    "moment": {
      "version": "2.4.0",
      "from": "moment@"
    },
    "amqp": {
      "version": "0.1.7",
      "from": "amqp@"
    }
  }
}
