{
  "name": "tail-bridge",
  "version": "0.1.0",
  "dependencies": {
    "coffee-script": {
      "version": "1.6.3",
      "from": "coffee-script@1.6.3"
    },
    "moment": {
      "version": "2.4.0",
      "from": "moment@2.4.0"
    },
    "redis": {
      "version": "0.9.0",
      "from": "redis@0.9.0"
    }
  }
}
